
Microsoft Visual Studio Solution File, Format Version 12.00
# Visual Studio Version 17
VisualStudioVersion = 17.12.35527.113 d17.12
MinimumVisualStudioVersion = 10.0.40219.1
Project("{FAE04EC0-301F-11D3-BF4B-00C04F79EFBC}") = "ViewDataWithViewComponents", "ViewDataWithViewComponents\ViewDataWithViewComponents.csproj", "{7509CC76-8E27-41D9-A219-4B229FE00881}"
EndProject
Global
	GlobalSection(SolutionConfigurationPlatforms) = preSolution
		Debug|Any CPU = Debug|Any CPU
		Release|Any CPU = Release|Any CPU
	EndGlobalSection
	GlobalSection(ProjectConfigurationPlatforms) = postSolution
		{7509CC76-8E27-41D9-A219-4B229FE00881}.Debug|Any CPU.ActiveCfg = Debug|Any CPU
		{7509CC76-8E27-41D9-A219-4B229FE00881}.Debug|Any CPU.Build.0 = Debug|Any CPU
		{7509CC76-8E27-41D9-A219-4B229FE00881}.Release|Any CPU.ActiveCfg = Release|Any CPU
		{7509CC76-8E27-41D9-A219-4B229FE00881}.Release|Any CPU.Build.0 = Release|Any CPU
	EndGlobalSection
	GlobalSection(SolutionProperties) = preSolution
		HideSolutionNode = FALSE
	EndGlobalSection
EndGlobal
