
Microsoft Visual Studio Solution File, Format Version 12.00
# Visual Studio Version 17
VisualStudioVersion = 17.12.35527.113 d17.12
MinimumVisualStudioVersion = 10.0.40219.1
Project("{FAE04EC0-301F-11D3-BF4B-00C04F79EFBC}") = "IActionResult_in_CONTROLLERS", "IActionResult_in_CONTROLLERS\IActionResult_in_CONTROLLERS.csproj", "{CFA3966C-ECB2-47BE-8863-8797FC87C037}"
EndProject
Global
	GlobalSection(SolutionConfigurationPlatforms) = preSolution
		Debug|Any CPU = Debug|Any CPU
		Release|Any CPU = Release|Any CPU
	EndGlobalSection
	GlobalSection(ProjectConfigurationPlatforms) = postSolution
		{CFA3966C-ECB2-47BE-8863-8797FC87C037}.Debug|Any CPU.ActiveCfg = Debug|Any CPU
		{CFA3966C-ECB2-47BE-8863-8797FC87C037}.Debug|Any CPU.Build.0 = Debug|Any CPU
		{CFA3966C-ECB2-47BE-8863-8797FC87C037}.Release|Any CPU.ActiveCfg = Release|Any CPU
		{CFA3966C-ECB2-47BE-8863-8797FC87C037}.Release|Any CPU.Build.0 = Release|Any CPU
	EndGlobalSection
	GlobalSection(SolutionProperties) = preSolution
		HideSolutionNode = FALSE
	EndGlobalSection
EndGlobal
